{
  "lockfile_version": "1",
  "packages": {
    "bun@latest": {
      "last_modified": "2024-07-17T09:45:27Z",
      "resolved": "github:NixOS/nixpkgs/5e73714b16ca222dcb2fc3ea2618fd7ba698da65#bun",
      "source": "devbox-search",
      "version": "1.1.20",
      "systems": {
        "aarch64-darwin": {
          "outputs": [
            {
              "name": "out",
              "path": "/nix/store/sjhdi5ixjsqyldxfmdzcazk1r3asa7c5-bun-1.1.20",
              "default": true
            }
          ],
          "store_path": "/nix/store/sjhdi5ixjsqyldxfmdzcazk1r3asa7c5-bun-1.1.20"
        },
        "aarch64-linux": {
          "outputs": [
            {
              "name": "out",
              "path": "/nix/store/1cg8hfz38pxcxqvk3ms1v9hr52bh9yrm-bun-1.1.20",
              "default": true
            }
          ],
          "store_path": "/nix/store/1cg8hfz38pxcxqvk3ms1v9hr52bh9yrm-bun-1.1.20"
        },
        "x86_64-darwin": {
          "outputs": [
            {
              "name": "out",
              "path": "/nix/store/2mnl4ry24y9q261caia8yn46h47ckpz3-bun-1.1.20",
              "default": true
            }
          ],
          "store_path": "/nix/store/2mnl4ry24y9q261caia8yn46h47ckpz3-bun-1.1.20"
        },
        "x86_64-linux": {
          "outputs": [
            {
              "name": "out",
              "path": "/nix/store/6a8kqmk0jda5a3kyka1c55dh9h5ry5ii-bun-1.1.20",
              "default": true
            }
          ],
          "store_path": "/nix/store/6a8kqmk0jda5a3kyka1c55dh9h5ry5ii-bun-1.1.20"
        }
      }
    }
  }
}
